{
  "name": "NeleneApp",
  "version": "1.0.0",
  "lockfileVersion": 1,
  "requires": true,
  "dependencies": {
    "moment": {
      "version": "2.21.0",
      "resolved": "https://registry.npmjs.org/moment/-/moment-2.21.0.tgz",
      "integrity": "sha512-TCZ36BjURTeFTM/CwRcViQlfkMvL1/vFISuNLO5GkcVm1+QHfbSiNqZuWeMFjj1/3+uAjXswgRk30j1kkLYJBQ=="
    },
    "vue-i18n": {
      "version": "7.6.0",
      "resolved": "https://registry.npmjs.org/vue-i18n/-/vue-i18n-7.6.0.tgz",
      "integrity": "sha512-IqyGj4nOFrGopCCpRucfMPJSgp5WauuI8HTaAQc7XIpHT7iOH4flndy1g09FiUzidi0lRVKJME+S7sPJny/t/A=="
    },
    "vue-moment": {
      "version": "3.2.0",
      "resolved": "https://registry.npmjs.org/vue-moment/-/vue-moment-3.2.0.tgz",
      "integrity": "sha1-KM0rMTgxroOVP2RqxHhaLMck5BI=",
      "requires": {
        "moment": "2.21.0"
      }
    }
  }
}
